
Microsoft Visual Studio Solution File, Format Version 12.00
# Visual Studio Version 16
VisualStudioVersion = 25.0.1706.5
MinimumVisualStudioVersion = 10.0.40219.1
Project("{FAE04EC0-301F-11D3-BF4B-00C04F79EFBC}") = "Traversal", "Traversal\Traversal.csproj", "{1829B55E-BBDC-456E-B413-0B294CF7194C}"
EndProject
Project("{FAE04EC0-301F-11D3-BF4B-00C04F79EFBC}") = "EntityLayer", "EntityLayer\EntityLayer.csproj", "{20239B80-40CB-4993-8DDD-D91C9B897172}"
EndProject
Project("{FAE04EC0-301F-11D3-BF4B-00C04F79EFBC}") = "DataAccessLayer", "DataAccessLayer\DataAccessLayer.csproj", "{B9610332-C975-4689-ABD8-E9562D3036EA}"
EndProject
Project("{FAE04EC0-301F-11D3-BF4B-00C04F79EFBC}") = "BusinessLayer", "BusinessLayer\BusinessLayer.csproj", "{62CD68C3-D5FF-4C75-8F87-22A4C41FF38E}"
EndProject
Global
	GlobalSection(SolutionConfigurationPlatforms) = preSolution
		Debug|Any CPU = Debug|Any CPU
		Release|Any CPU = Release|Any CPU
	EndGlobalSection
	GlobalSection(ProjectConfigurationPlatforms) = postSolution
		{1829B55E-BBDC-456E-B413-0B294CF7194C}.Debug|Any CPU.ActiveCfg = Debug|Any CPU
		{1829B55E-BBDC-456E-B413-0B294CF7194C}.Debug|Any CPU.Build.0 = Debug|Any CPU
		{1829B55E-BBDC-456E-B413-0B294CF7194C}.Release|Any CPU.ActiveCfg = Release|Any CPU
		{1829B55E-BBDC-456E-B413-0B294CF7194C}.Release|Any CPU.Build.0 = Release|Any CPU
		{20239B80-40CB-4993-8DDD-D91C9B897172}.Debug|Any CPU.ActiveCfg = Debug|Any CPU
		{20239B80-40CB-4993-8DDD-D91C9B897172}.Debug|Any CPU.Build.0 = Debug|Any CPU
		{20239B80-40CB-4993-8DDD-D91C9B897172}.Release|Any CPU.ActiveCfg = Release|Any CPU
		{20239B80-40CB-4993-8DDD-D91C9B897172}.Release|Any CPU.Build.0 = Release|Any CPU
		{B9610332-C975-4689-ABD8-E9562D3036EA}.Debug|Any CPU.ActiveCfg = Debug|Any CPU
		{B9610332-C975-4689-ABD8-E9562D3036EA}.Debug|Any CPU.Build.0 = Debug|Any CPU
		{B9610332-C975-4689-ABD8-E9562D3036EA}.Release|Any CPU.ActiveCfg = Release|Any CPU
		{B9610332-C975-4689-ABD8-E9562D3036EA}.Release|Any CPU.Build.0 = Release|Any CPU
		{62CD68C3-D5FF-4C75-8F87-22A4C41FF38E}.Debug|Any CPU.ActiveCfg = Debug|Any CPU
		{62CD68C3-D5FF-4C75-8F87-22A4C41FF38E}.Debug|Any CPU.Build.0 = Debug|Any CPU
		{62CD68C3-D5FF-4C75-8F87-22A4C41FF38E}.Release|Any CPU.ActiveCfg = Release|Any CPU
		{62CD68C3-D5FF-4C75-8F87-22A4C41FF38E}.Release|Any CPU.Build.0 = Release|Any CPU
	EndGlobalSection
	GlobalSection(SolutionProperties) = preSolution
		HideSolutionNode = FALSE
	EndGlobalSection
	GlobalSection(ExtensibilityGlobals) = postSolution
		SolutionGuid = {311691D5-61E5-4271-A9CD-0EF9A6C7F432}
	EndGlobalSection
EndGlobal
